
Microsoft Visual Studio Solution File, Format Version 12.00
# Visual Studio 15
VisualStudioVersion = 15.0.28307.960
MinimumVisualStudioVersion = 10.0.40219.1
Project("{FAE04EC0-301F-11D3-BF4B-00C04F79EFBC}") = "web_automation", "web_automation\web_automation.csproj", "{5ED54E8A-D2BE-4136-8EDD-DA2A9DE76F01}"
EndProject
Global
	GlobalSection(SolutionConfigurationPlatforms) = preSolution
		Debug|Any CPU = Debug|Any CPU
		Release|Any CPU = Release|Any CPU
	EndGlobalSection
	GlobalSection(ProjectConfigurationPlatforms) = postSolution
		{5ED54E8A-D2BE-4136-8EDD-DA2A9DE76F01}.Debug|Any CPU.ActiveCfg = Debug|Any CPU
		{5ED54E8A-D2BE-4136-8EDD-DA2A9DE76F01}.Debug|Any CPU.Build.0 = Debug|Any CPU
		{5ED54E8A-D2BE-4136-8EDD-DA2A9DE76F01}.Release|Any CPU.ActiveCfg = Release|Any CPU
		{5ED54E8A-D2BE-4136-8EDD-DA2A9DE76F01}.Release|Any CPU.Build.0 = Release|Any CPU
	EndGlobalSection
	GlobalSection(SolutionProperties) = preSolution
		HideSolutionNode = FALSE
	EndGlobalSection
	GlobalSection(ExtensibilityGlobals) = postSolution
		SolutionGuid = {8B27567A-7B2A-4454-8332-09CE331190BC}
	EndGlobalSection
EndGlobal
